// !$*UTF8*$!
{
	archiveVersion = 1;
	classes = {
	};
	objectVersion = 56;
	objects = {

/* Begin PBXBuildFile section */
		B30CD210294519670067FA3A /* ChatbotApp.swift in Sources */ = {isa = PBXBuildFile; fileRef = B30CD20F294519670067FA3A /* ChatbotApp.swift */; };
		B30CD212294519670067FA3A /* ContentView.swift in Sources */ = {isa = PBXBuildFile; fileRef = B30CD211294519670067FA3A /* ContentView.swift */; };
		B30CD214294519680067FA3A /* Assets.xcassets in Resources */ = {isa = PBXBuildFile; fileRef = B30CD213294519680067FA3A /* Assets.xcassets */; };
		B30CD217294519680067FA3A /* Preview Assets.xcassets in Resources */ = {isa = PBXBuildFile; fileRef = B30CD216294519680067FA3A /* Preview Assets.xcassets */; };
		B30CD224294530500067FA3A /* ModelData.swift in Sources */ = {isa = PBXBuildFile; fileRef = B30CD223294530500067FA3A /* ModelData.swift */; };
		B30CD226294530E20067FA3A /* Chat.swift in Sources */ = {isa = PBXBuildFile; fileRef = B30CD225294530E20067FA3A /* Chat.swift */; };
		B30CD228294531C70067FA3A /* MessageRow.swift in Sources */ = {isa = PBXBuildFile; fileRef = B30CD227294531C70067FA3A /* MessageRow.swift */; };
		B30CD22C29456EBF0067FA3A /* WebView.swift in Sources */ = {isa = PBXBuildFile; fileRef = B30CD22A29456EBF0067FA3A /* WebView.swift */; };
		B30CD22D29456EBF0067FA3A /* ChatGPTAuth.swift in Sources */ = {isa = PBXBuildFile; fileRef = B30CD22B29456EBF0067FA3A /* ChatGPTAuth.swift */; };
		B30CD23029478B720067FA3A /* script.js in Resources */ = {isa = PBXBuildFile; fileRef = B30CD22F29478B720067FA3A /* script.js */; };
		B30CD2332947E9590067FA3A /* ChatGPTAPI.swift in Sources */ = {isa = PBXBuildFile; fileRef = B30CD2312947E3710067FA3A /* ChatGPTAPI.swift */; };
		B30CD2352947EE900067FA3A /* ChatGPTWebViewStore.swift in Sources */ = {isa = PBXBuildFile; fileRef = B30CD2342947EE900067FA3A /* ChatGPTWebViewStore.swift */; };
		B30CD2392947EFAC0067FA3A /* WebViewStore.swift in Sources */ = {isa = PBXBuildFile; fileRef = B30CD2382947EFAC0067FA3A /* WebViewStore.swift */; };
		B30CD23B2947F1440067FA3A /* ChatGPTPage.swift in Sources */ = {isa = PBXBuildFile; fileRef = B30CD23A2947F1440067FA3A /* ChatGPTPage.swift */; };
/* End PBXBuildFile section */

/* Begin PBXFileReference section */
		B30CD20C294519670067FA3A /* Chatbot.app */ = {isa = PBXFileReference; explicitFileType = wrapper.application; includeInIndex = 0; path = Chatbot.app; sourceTree = BUILT_PRODUCTS_DIR; };
		B30CD20F294519670067FA3A /* ChatbotApp.swift */ = {isa = PBXFileReference; lastKnownFileType = sourcecode.swift; path = ChatbotApp.swift; sourceTree = "<group>"; };
		B30CD211294519670067FA3A /* ContentView.swift */ = {isa = PBXFileReference; lastKnownFileType = sourcecode.swift; path = ContentView.swift; sourceTree = "<group>"; };
		B30CD213294519680067FA3A /* Assets.xcassets */ = {isa = PBXFileReference; lastKnownFileType = folder.assetcatalog; path = Assets.xcassets; sourceTree = "<group>"; };
		B30CD216294519680067FA3A /* Preview Assets.xcassets */ = {isa = PBXFileReference; lastKnownFileType = folder.assetcatalog; path = "Preview Assets.xcassets"; sourceTree = "<group>"; };
		B30CD22229452F150067FA3A /* Info.plist */ = {isa = PBXFileReference; lastKnownFileType = text.plist; path = Info.plist; sourceTree = "<group>"; };
		B30CD223294530500067FA3A /* ModelData.swift */ = {isa = PBXFileReference; lastKnownFileType = sourcecode.swift; path = ModelData.swift; sourceTree = "<group>"; };
		B30CD225294530E20067FA3A /* Chat.swift */ = {isa = PBXFileReference; lastKnownFileType = sourcecode.swift; path = Chat.swift; sourceTree = "<group>"; };
		B30CD227294531C70067FA3A /* MessageRow.swift */ = {isa = PBXFileReference; lastKnownFileType = sourcecode.swift; path = MessageRow.swift; sourceTree = "<group>"; };
		B30CD22A29456EBF0067FA3A /* WebView.swift */ = {isa = PBXFileReference; fileEncoding = 4; lastKnownFileType = sourcecode.swift; path = WebView.swift; sourceTree = "<group>"; };
		B30CD22B29456EBF0067FA3A /* ChatGPTAuth.swift */ = {isa = PBXFileReference; fileEncoding = 4; lastKnownFileType = sourcecode.swift; path = ChatGPTAuth.swift; sourceTree = "<group>"; };
		B30CD22E2945992F0067FA3A /* Chatbot.entitlements */ = {isa = PBXFileReference; lastKnownFileType = text.plist.entitlements; path = Chatbot.entitlements; sourceTree = "<group>"; };
		B30CD22F29478B720067FA3A /* script.js */ = {isa = PBXFileReference; lastKnownFileType = sourcecode.javascript; path = script.js; sourceTree = "<group>"; };
		B30CD2312947E3710067FA3A /* ChatGPTAPI.swift */ = {isa = PBXFileReference; lastKnownFileType = sourcecode.swift; path = ChatGPTAPI.swift; sourceTree = "<group>"; };
		B30CD2342947EE900067FA3A /* ChatGPTWebViewStore.swift */ = {isa = PBXFileReference; lastKnownFileType = sourcecode.swift; path = ChatGPTWebViewStore.swift; sourceTree = "<group>"; };
		B30CD2382947EFAC0067FA3A /* WebViewStore.swift */ = {isa = PBXFileReference; lastKnownFileType = sourcecode.swift; path = WebViewStore.swift; sourceTree = "<group>"; };
		B30CD23A2947F1440067FA3A /* ChatGPTPage.swift */ = {isa = PBXFileReference; lastKnownFileType = sourcecode.swift; path = ChatGPTPage.swift; sourceTree = "<group>"; };
/* End PBXFileReference section */

/* Begin PBXFrameworksBuildPhase section */
		B30CD209294519670067FA3A /* Frameworks */ = {
			isa = PBXFrameworksBuildPhase;
			buildActionMask = 2147483647;
			files = (
			);
			runOnlyForDeploymentPostprocessing = 0;
		};
/* End PBXFrameworksBuildPhase section */

/* Begin PBXGroup section */
		B30CD203294519670067FA3A = {
			isa = PBXGroup;
			children = (
				B30CD20E294519670067FA3A /* Chatbot */,
				B30CD20D294519670067FA3A /* Products */,
			);
			sourceTree = "<group>";
		};
		B30CD20D294519670067FA3A /* Products */ = {
			isa = PBXGroup;
			children = (
				B30CD20C294519670067FA3A /* Chatbot.app */,
			);
			name = Products;
			sourceTree = "<group>";
		};
		B30CD20E294519670067FA3A /* Chatbot */ = {
			isa = PBXGroup;
			children = (
				B30CD2372947EEFD0067FA3A /* View */,
				B30CD2362947EEE60067FA3A /* Model */,
				B30CD22E2945992F0067FA3A /* Chatbot.entitlements */,
				B30CD22229452F150067FA3A /* Info.plist */,
				B30CD20F294519670067FA3A /* ChatbotApp.swift */,
				B30CD213294519680067FA3A /* Assets.xcassets */,
				B30CD215294519680067FA3A /* Preview Content */,
			);
			path = Chatbot;
			sourceTree = "<group>";
		};
		B30CD215294519680067FA3A /* Preview Content */ = {
			isa = PBXGroup;
			children = (
				B30CD216294519680067FA3A /* Preview Assets.xcassets */,
			);
			path = "Preview Content";
			sourceTree = "<group>";
		};
		B30CD2362947EEE60067FA3A /* Model */ = {
			isa = PBXGroup;
			children = (
				B30CD2342947EE900067FA3A /* ChatGPTWebViewStore.swift */,
				B30CD2382947EFAC0067FA3A /* WebViewStore.swift */,
				B30CD223294530500067FA3A /* ModelData.swift */,
				B30CD22F29478B720067FA3A /* script.js */,
				B30CD2312947E3710067FA3A /* ChatGPTAPI.swift */,
			);
			path = Model;
			sourceTree = "<group>";
		};
		B30CD2372947EEFD0067FA3A /* View */ = {
			isa = PBXGroup;
			children = (
				B30CD211294519670067FA3A /* ContentView.swift */,
				B30CD225294530E20067FA3A /* Chat.swift */,
				B30CD227294531C70067FA3A /* MessageRow.swift */,
				B30CD22B29456EBF0067FA3A /* ChatGPTAuth.swift */,
				B30CD22A29456EBF0067FA3A /* WebView.swift */,
				B30CD23A2947F1440067FA3A /* ChatGPTPage.swift */,
			);
			path = View;
			sourceTree = "<group>";
		};
/* End PBXGroup section */

/* Begin PBXNativeTarget section */
		B30CD20B294519670067FA3A /* Chatbot */ = {
			isa = PBXNativeTarget;
			buildConfigurationList = B30CD21A294519680067FA3A /* Build configuration list for PBXNativeTarget "Chatbot" */;
			buildPhases = (
				B30CD208294519670067FA3A /* Sources */,
				B30CD209294519670067FA3A /* Frameworks */,
				B30CD20A294519670067FA3A /* Resources */,
			);
			buildRules = (
			);
			dependencies = (
			);
			name = Chatbot;
			packageProductDependencies = (
			);
			productName = Chatbot;
			productReference = B30CD20C294519670067FA3A /* Chatbot.app */;
			productType = "com.apple.product-type.application";
		};
/* End PBXNativeTarget section */

/* Begin PBXProject section */
		B30CD204294519670067FA3A /* Project object */ = {
			isa = PBXProject;
			attributes = {
				BuildIndependentTargetsInParallel = 1;
				LastSwiftUpdateCheck = 1410;
				LastUpgradeCheck = 1410;
				TargetAttributes = {
					B30CD20B294519670067FA3A = {
						CreatedOnToolsVersion = 14.1;
					};
				};
			};
			buildConfigurationList = B30CD207294519670067FA3A /* Build configuration list for PBXProject "Chatbot" */;
			compatibilityVersion = "Xcode 14.0";
			developmentRegion = en;
			hasScannedForEncodings = 0;
			knownRegions = (
				en,
				Base,
			);
			mainGroup = B30CD203294519670067FA3A;
			packageReferences = (
			);
			productRefGroup = B30CD20D294519670067FA3A /* Products */;
			projectDirPath = "";
			projectRoot = "";
			targets = (
				B30CD20B294519670067FA3A /* Chatbot */,
			);
		};
/* End PBXProject section */

/* Begin PBXResourcesBuildPhase section */
		B30CD20A294519670067FA3A /* Resources */ = {
			isa = PBXResourcesBuildPhase;
			buildActionMask = 2147483647;
			files = (
				B30CD217294519680067FA3A /* Preview Assets.xcassets in Resources */,
				B30CD23029478B720067FA3A /* script.js in Resources */,
				B30CD214294519680067FA3A /* Assets.xcassets in Resources */,
			);
			runOnlyForDeploymentPostprocessing = 0;
		};
/* End PBXResourcesBuildPhase section */

/* Begin PBXSourcesBuildPhase section */
		B30CD208294519670067FA3A /* Sources */ = {
			isa = PBXSourcesBuildPhase;
			buildActionMask = 2147483647;
			files = (
				B30CD224294530500067FA3A /* ModelData.swift in Sources */,
				B30CD228294531C70067FA3A /* MessageRow.swift in Sources */,
				B30CD212294519670067FA3A /* ContentView.swift in Sources */,
				B30CD226294530E20067FA3A /* Chat.swift in Sources */,
				B30CD22D29456EBF0067FA3A /* ChatGPTAuth.swift in Sources */,
				B30CD2332947E9590067FA3A /* ChatGPTAPI.swift in Sources */,
				B30CD210294519670067FA3A /* ChatbotApp.swift in Sources */,
				B30CD2352947EE900067FA3A /* ChatGPTWebViewStore.swift in Sources */,
				B30CD22C29456EBF0067FA3A /* WebView.swift in Sources */,
				B30CD2392947EFAC0067FA3A /* WebViewStore.swift in Sources */,
				B30CD23B2947F1440067FA3A /* ChatGPTPage.swift in Sources */,
			);
			runOnlyForDeploymentPostprocessing = 0;
		};
/* End PBXSourcesBuildPhase section */

/* Begin XCBuildConfiguration section */
		B30CD218294519680067FA3A /* Debug */ = {
			isa = XCBuildConfiguration;
			buildSettings = {
				ALWAYS_SEARCH_USER_PATHS = NO;
				CLANG_ANALYZER_NONNULL = YES;
				CLANG_ANALYZER_NUMBER_OBJECT_CONVERSION = YES_AGGRESSIVE;
				CLANG_CXX_LANGUAGE_STANDARD = "gnu++20";
				CLANG_ENABLE_MODULES = YES;
				CLANG_ENABLE_OBJC_ARC = YES;
				CLANG_ENABLE_OBJC_WEAK = YES;
				CLANG_WARN_BLOCK_CAPTURE_AUTORELEASING = YES;
				CLANG_WARN_BOOL_CONVERSION = YES;
				CLANG_WARN_COMMA = YES;
				CLANG_WARN_CONSTANT_CONVERSION = YES;
				CLANG_WARN_DEPRECATED_OBJC_IMPLEMENTATIONS = YES;
				CLANG_WARN_DIRECT_OBJC_ISA_USAGE = YES_ERROR;
				CLANG_WARN_DOCUMENTATION_COMMENTS = YES;
				CLANG_WARN_EMPTY_BODY = YES;
				CLANG_WARN_ENUM_CONVERSION = YES;
				CLANG_WARN_INFINITE_RECURSION = YES;
				CLANG_WARN_INT_CONVERSION = YES;
				CLANG_WARN_NON_LITERAL_NULL_CONVERSION = YES;
				CLANG_WARN_OBJC_IMPLICIT_RETAIN_SELF = YES;
				CLANG_WARN_OBJC_LITERAL_CONVERSION = YES;
				CLANG_WARN_OBJC_ROOT_CLASS = YES_ERROR;
				CLANG_WARN_QUOTED_INCLUDE_IN_FRAMEWORK_HEADER = YES;
				CLANG_WARN_RANGE_LOOP_ANALYSIS = YES;
				CLANG_WARN_STRICT_PROTOTYPES = YES;
				CLANG_WARN_SUSPICIOUS_MOVE = YES;
				CLANG_WARN_UNGUARDED_AVAILABILITY = YES_AGGRESSIVE;
				CLANG_WARN_UNREACHABLE_CODE = YES;
				CLANG_WARN__DUPLICATE_METHOD_MATCH = YES;
				COPY_PHASE_STRIP = NO;
				DEBUG_INFORMATION_FORMAT = dwarf;
				ENABLE_STRICT_OBJC_MSGSEND = YES;
				ENABLE_TESTABILITY = YES;
				GCC_C_LANGUAGE_STANDARD = gnu11;
				GCC_DYNAMIC_NO_PIC = NO;
				GCC_NO_COMMON_BLOCKS = YES;
				GCC_OPTIMIZATION_LEVEL = 0;
				GCC_PREPROCESSOR_DEFINITIONS = (
					"DEBUG=1",
					"$(inherited)",
				);
				GCC_WARN_64_TO_32_BIT_CONVERSION = YES;
				GCC_WARN_ABOUT_RETURN_TYPE = YES_ERROR;
				GCC_WARN_UNDECLARED_SELECTOR = YES;
				GCC_WARN_UNINITIALIZED_AUTOS = YES_AGGRESSIVE;
				GCC_WARN_UNUSED_FUNCTION = YES;
				GCC_WARN_UNUSED_VARIABLE = YES;
				IPHONEOS_DEPLOYMENT_TARGET = 16.1;
				MTL_ENABLE_DEBUG_INFO = INCLUDE_SOURCE;
				MTL_FAST_MATH = YES;
				ONLY_ACTIVE_ARCH = YES;
				SDKROOT = iphoneos;
				SWIFT_ACTIVE_COMPILATION_CONDITIONS = DEBUG;
				SWIFT_OPTIMIZATION_LEVEL = "-Onone";
			};
			name = Debug;
		};
		B30CD219294519680067FA3A /* Release */ = {
			isa = XCBuildConfiguration;
			buildSettings = {
				ALWAYS_SEARCH_USER_PATHS = NO;
				CLANG_ANALYZER_NONNULL = YES;
				CLANG_ANALYZER_NUMBER_OBJECT_CONVERSION = YES_AGGRESSIVE;
				CLANG_CXX_LANGUAGE_STANDARD = "gnu++20";
				CLANG_ENABLE_MODULES = YES;
				CLANG_ENABLE_OBJC_ARC = YES;
				CLANG_ENABLE_OBJC_WEAK = YES;
				CLANG_WARN_BLOCK_CAPTURE_AUTORELEASING = YES;
				CLANG_WARN_BOOL_CONVERSION = YES;
				CLANG_WARN_COMMA = YES;
				CLANG_WARN_CONSTANT_CONVERSION = YES;
				CLANG_WARN_DEPRECATED_OBJC_IMPLEMENTATIONS = YES;
				CLANG_WARN_DIRECT_OBJC_ISA_USAGE = YES_ERROR;
				CLANG_WARN_DOCUMENTATION_COMMENTS = YES;
				CLANG_WARN_EMPTY_BODY = YES;
				CLANG_WARN_ENUM_CONVERSION = YES;
				CLANG_WARN_INFINITE_RECURSION = YES;
				CLANG_WARN_INT_CONVERSION = YES;
				CLANG_WARN_NON_LITERAL_NULL_CONVERSION = YES;
				CLANG_WARN_OBJC_IMPLICIT_RETAIN_SELF = YES;
				CLANG_WARN_OBJC_LITERAL_CONVERSION = YES;
				CLANG_WARN_OBJC_ROOT_CLASS = YES_ERROR;
				CLANG_WARN_QUOTED_INCLUDE_IN_FRAMEWORK_HEADER = YES;
				CLANG_WARN_RANGE_LOOP_ANALYSIS = YES;
				CLANG_WARN_STRICT_PROTOTYPES = YES;
				CLANG_WARN_SUSPICIOUS_MOVE = YES;
				CLANG_WARN_UNGUARDED_AVAILABILITY = YES_AGGRESSIVE;
				CLANG_WARN_UNREACHABLE_CODE = YES;
				CLANG_WARN__DUPLICATE_METHOD_MATCH = YES;
				COPY_PHASE_STRIP = NO;
				DEBUG_INFORMATION_FORMAT = "dwarf-with-dsym";
				ENABLE_NS_ASSERTIONS = NO;
				ENABLE_STRICT_OBJC_MSGSEND = YES;
				GCC_C_LANGUAGE_STANDARD = gnu11;
				GCC_NO_COMMON_BLOCKS = YES;
				GCC_WARN_64_TO_32_BIT_CONVERSION = YES;
				GCC_WARN_ABOUT_RETURN_TYPE = YES_ERROR;
				GCC_WARN_UNDECLARED_SELECTOR = YES;
				GCC_WARN_UNINITIALIZED_AUTOS = YES_AGGRESSIVE;
				GCC_WARN_UNUSED_FUNCTION = YES;
				GCC_WARN_UNUSED_VARIABLE = YES;
				IPHONEOS_DEPLOYMENT_TARGET = 16.1;
				MTL_ENABLE_DEBUG_INFO = NO;
				MTL_FAST_MATH = YES;
				SDKROOT = iphoneos;
				SWIFT_COMPILATION_MODE = wholemodule;
				SWIFT_OPTIMIZATION_LEVEL = "-O";
				VALIDATE_PRODUCT = YES;
			};
			name = Release;
		};
		B30CD21B294519680067FA3A /* Debug */ = {
			isa = XCBuildConfiguration;
			buildSettings = {
				ASSETCATALOG_COMPILER_APPICON_NAME = AppIcon;
				ASSETCATALOG_COMPILER_GLOBAL_ACCENT_COLOR_NAME = AccentColor;
				CODE_SIGN_ENTITLEMENTS = Chatbot/Chatbot.entitlements;
				CODE_SIGN_STYLE = Automatic;
				CURRENT_PROJECT_VERSION = 1;
				DEVELOPMENT_ASSET_PATHS = "\"Chatbot/Preview Content\"";
				DEVELOPMENT_TEAM = 97569SGGTN;
				ENABLE_PREVIEWS = YES;
				GENERATE_INFOPLIST_FILE = YES;
				INFOPLIST_FILE = Chatbot/Info.plist;
				INFOPLIST_KEY_UIApplicationSceneManifest_Generation = YES;
				INFOPLIST_KEY_UIApplicationSupportsIndirectInputEvents = YES;
				INFOPLIST_KEY_UILaunchScreen_Generation = YES;
				INFOPLIST_KEY_UISupportedInterfaceOrientations_iPad = "UIInterfaceOrientationPortrait UIInterfaceOrientationPortraitUpsideDown UIInterfaceOrientationLandscapeLeft UIInterfaceOrientationLandscapeRight";
				INFOPLIST_KEY_UISupportedInterfaceOrientations_iPhone = "UIInterfaceOrientationPortrait UIInterfaceOrientationLandscapeLeft UIInterfaceOrientationLandscapeRight";
				LD_RUNPATH_SEARCH_PATHS = (
					"$(inherited)",
					"@executable_path/Frameworks",
				);
				MARKETING_VERSION = 1.0;
				PRODUCT_BUNDLE_IDENTIFIER = com.github.motianjun4.chatgptbot;
				PRODUCT_NAME = "$(TARGET_NAME)";
				SWIFT_EMIT_LOC_STRINGS = YES;
				SWIFT_VERSION = 5.0;
				TARGETED_DEVICE_FAMILY = "1,2";
			};
			name = Debug;
		};
		B30CD21C294519680067FA3A /* Release */ = {
			isa = XCBuildConfiguration;
			buildSettings = {
				ASSETCATALOG_COMPILER_APPICON_NAME = AppIcon;
				ASSETCATALOG_COMPILER_GLOBAL_ACCENT_COLOR_NAME = AccentColor;
				CODE_SIGN_ENTITLEMENTS = Chatbot/Chatbot.entitlements;
				CODE_SIGN_STYLE = Automatic;
				CURRENT_PROJECT_VERSION = 1;
				DEVELOPMENT_ASSET_PATHS = "\"Chatbot/Preview Content\"";
				DEVELOPMENT_TEAM = 97569SGGTN;
				ENABLE_PREVIEWS = YES;
				GENERATE_INFOPLIST_FILE = YES;
				INFOPLIST_FILE = Chatbot/Info.plist;
				INFOPLIST_KEY_UIApplicationSceneManifest_Generation = YES;
				INFOPLIST_KEY_UIApplicationSupportsIndirectInputEvents = YES;
				INFOPLIST_KEY_UILaunchScreen_Generation = YES;
				INFOPLIST_KEY_UISupportedInterfaceOrientations_iPad = "UIInterfaceOrientationPortrait UIInterfaceOrientationPortraitUpsideDown UIInterfaceOrientationLandscapeLeft UIInterfaceOrientationLandscapeRight";
				INFOPLIST_KEY_UISupportedInterfaceOrientations_iPhone = "UIInterfaceOrientationPortrait UIInterfaceOrientationLandscapeLeft UIInterfaceOrientationLandscapeRight";
				LD_RUNPATH_SEARCH_PATHS = (
					"$(inherited)",
					"@executable_path/Frameworks",
				);
				MARKETING_VERSION = 1.0;
				PRODUCT_BUNDLE_IDENTIFIER = com.github.motianjun4.chatgptbot;
				PRODUCT_NAME = "$(TARGET_NAME)";
				SWIFT_EMIT_LOC_STRINGS = YES;
				SWIFT_VERSION = 5.0;
				TARGETED_DEVICE_FAMILY = "1,2";
			};
			name = Release;
		};
/* End XCBuildConfiguration section */

/* Begin XCConfigurationList section */
		B30CD207294519670067FA3A /* Build configuration list for PBXProject "Chatbot" */ = {
			isa = XCConfigurationList;
			buildConfigurations = (
				B30CD218294519680067FA3A /* Debug */,
				B30CD219294519680067FA3A /* Release */,
			);
			defaultConfigurationIsVisible = 0;
			defaultConfigurationName = Release;
		};
		B30CD21A294519680067FA3A /* Build configuration list for PBXNativeTarget "Chatbot" */ = {
			isa = XCConfigurationList;
			buildConfigurations = (
				B30CD21B294519680067FA3A /* Debug */,
				B30CD21C294519680067FA3A /* Release */,
			);
			defaultConfigurationIsVisible = 0;
			defaultConfigurationName = Release;
		};
/* End XCConfigurationList section */
	};
	rootObject = B30CD204294519670067FA3A /* Project object */;
}
